// !$*UTF8*$!
{
	archiveVersion = 1;
	classes = {
	};
	objectVersion = 50;
	objects = {

/* Begin PBXBuildFile section */
		495E110027206A5D00505196 /* DeleteFlowLayout.swift in Sources */ = {isa = PBXBuildFile; fileRef = 495E10FF27206A5D00505196 /* DeleteFlowLayout.swift */; };
		495E11182720836E00505196 /* Localizable.strings in Resources */ = {isa = PBXBuildFile; fileRef = 495E111A2720836E00505196 /* Localizable.strings */; };
		495E111F272083EE00505196 /* Strings+Generated.swift in Sources */ = {isa = PBXBuildFile; fileRef = 495E111E272083EE00505196 /* Strings+Generated.swift */; };
		499CE286271F25A300190E14 /* AppDelegate.swift in Sources */ = {isa = PBXBuildFile; fileRef = 499CE285271F25A300190E14 /* AppDelegate.swift */; };
		499CE28A271F25A300190E14 /* ViewController.swift in Sources */ = {isa = PBXBuildFile; fileRef = 499CE289271F25A300190E14 /* ViewController.swift */; };
		499CE28F271F25A400190E14 /* Assets.xcassets in Resources */ = {isa = PBXBuildFile; fileRef = 499CE28E271F25A400190E14 /* Assets.xcassets */; };
		499CE292271F25A400190E14 /* LaunchScreen.storyboard in Resources */ = {isa = PBXBuildFile; fileRef = 499CE290271F25A400190E14 /* LaunchScreen.storyboard */; };
		499CE2B4271F2C0000190E14 /* XCAssets+Generated.swift in Sources */ = {isa = PBXBuildFile; fileRef = 499CE2B3271F2C0000190E14 /* XCAssets+Generated.swift */; };
		499CE2BC271F3B1400190E14 /* DefaultColorsGenerated.swift in Sources */ = {isa = PBXBuildFile; fileRef = 499CE2BB271F3B1400190E14 /* DefaultColorsGenerated.swift */; };
		499CE2C0271F3B4F00190E14 /* ColorAsset+iOS10.swift in Sources */ = {isa = PBXBuildFile; fileRef = 499CE2BF271F3B4F00190E14 /* ColorAsset+iOS10.swift */; };
		49BCADC5271F66980008C52E /* ImageCell.swift in Sources */ = {isa = PBXBuildFile; fileRef = 49BCADC4271F66980008C52E /* ImageCell.swift */; };
		49BCADCD271F73C40008C52E /* UIView+Extension.swift in Sources */ = {isa = PBXBuildFile; fileRef = 49BCADCC271F73C40008C52E /* UIView+Extension.swift */; };
		49BCADD4271F79BA0008C52E /* Animator.swift in Sources */ = {isa = PBXBuildFile; fileRef = 49BCADD3271F79BA0008C52E /* Animator.swift */; };
		6A540C337F1EC5E61554EB16 /* libPods-TestApp.a in Frameworks */ = {isa = PBXBuildFile; fileRef = 3239F27263AF44162C702A5D /* libPods-TestApp.a */; };
/* End PBXBuildFile section */

/* Begin PBXFileReference section */
		3239F27263AF44162C702A5D /* libPods-TestApp.a */ = {isa = PBXFileReference; explicitFileType = archive.ar; includeInIndex = 0; path = "libPods-TestApp.a"; sourceTree = BUILT_PRODUCTS_DIR; };
		495E10FF27206A5D00505196 /* DeleteFlowLayout.swift */ = {isa = PBXFileReference; lastKnownFileType = sourcecode.swift; path = DeleteFlowLayout.swift; sourceTree = "<group>"; };
		495E11192720836E00505196 /* en */ = {isa = PBXFileReference; lastKnownFileType = text.plist.strings; name = en; path = en.lproj/Localizable.strings; sourceTree = "<group>"; };
		495E111C2720837E00505196 /* ru */ = {isa = PBXFileReference; lastKnownFileType = text.plist.strings; name = ru; path = ru.lproj/Localizable.strings; sourceTree = "<group>"; };
		495E111E272083EE00505196 /* Strings+Generated.swift */ = {isa = PBXFileReference; fileEncoding = 4; lastKnownFileType = sourcecode.swift; path = "Strings+Generated.swift"; sourceTree = "<group>"; };
		499CE282271F25A300190E14 /* TestApp.app */ = {isa = PBXFileReference; explicitFileType = wrapper.application; includeInIndex = 0; path = TestApp.app; sourceTree = BUILT_PRODUCTS_DIR; };
		499CE285271F25A300190E14 /* AppDelegate.swift */ = {isa = PBXFileReference; lastKnownFileType = sourcecode.swift; path = AppDelegate.swift; sourceTree = "<group>"; };
		499CE289271F25A300190E14 /* ViewController.swift */ = {isa = PBXFileReference; lastKnownFileType = sourcecode.swift; path = ViewController.swift; sourceTree = "<group>"; };
		499CE28E271F25A400190E14 /* Assets.xcassets */ = {isa = PBXFileReference; lastKnownFileType = folder.assetcatalog; path = Assets.xcassets; sourceTree = "<group>"; };
		499CE291271F25A400190E14 /* Base */ = {isa = PBXFileReference; lastKnownFileType = file.storyboard; name = Base; path = Base.lproj/LaunchScreen.storyboard; sourceTree = "<group>"; };
		499CE293271F25A400190E14 /* Info.plist */ = {isa = PBXFileReference; lastKnownFileType = text.plist.xml; path = Info.plist; sourceTree = "<group>"; };
		499CE2B3271F2C0000190E14 /* XCAssets+Generated.swift */ = {isa = PBXFileReference; fileEncoding = 4; lastKnownFileType = sourcecode.swift; path = "XCAssets+Generated.swift"; sourceTree = "<group>"; };
		499CE2B8271F39A400190E14 /* main.swift */ = {isa = PBXFileReference; lastKnownFileType = sourcecode.swift; path = main.swift; sourceTree = "<group>"; };
		499CE2BB271F3B1400190E14 /* DefaultColorsGenerated.swift */ = {isa = PBXFileReference; fileEncoding = 4; lastKnownFileType = sourcecode.swift; path = DefaultColorsGenerated.swift; sourceTree = "<group>"; };
		499CE2BF271F3B4F00190E14 /* ColorAsset+iOS10.swift */ = {isa = PBXFileReference; lastKnownFileType = sourcecode.swift; path = "ColorAsset+iOS10.swift"; sourceTree = "<group>"; };
		49BCADC4271F66980008C52E /* ImageCell.swift */ = {isa = PBXFileReference; lastKnownFileType = sourcecode.swift; path = ImageCell.swift; sourceTree = "<group>"; };
		49BCADCC271F73C40008C52E /* UIView+Extension.swift */ = {isa = PBXFileReference; lastKnownFileType = sourcecode.swift; path = "UIView+Extension.swift"; sourceTree = "<group>"; };
		49BCADD3271F79BA0008C52E /* Animator.swift */ = {isa = PBXFileReference; lastKnownFileType = sourcecode.swift; path = Animator.swift; sourceTree = "<group>"; };
		EB53FF172D87816297FAC191 /* Pods-TestApp.release.xcconfig */ = {isa = PBXFileReference; includeInIndex = 1; lastKnownFileType = text.xcconfig; name = "Pods-TestApp.release.xcconfig"; path = "Target Support Files/Pods-TestApp/Pods-TestApp.release.xcconfig"; sourceTree = "<group>"; };
		FC4B7BCFE815D113DBDB7E3F /* Pods-TestApp.debug.xcconfig */ = {isa = PBXFileReference; includeInIndex = 1; lastKnownFileType = text.xcconfig; name = "Pods-TestApp.debug.xcconfig"; path = "Target Support Files/Pods-TestApp/Pods-TestApp.debug.xcconfig"; sourceTree = "<group>"; };
/* End PBXFileReference section */

/* Begin PBXFrameworksBuildPhase section */
		499CE27F271F25A300190E14 /* Frameworks */ = {
			isa = PBXFrameworksBuildPhase;
			buildActionMask = 2147483647;
			files = (
				6A540C337F1EC5E61554EB16 /* libPods-TestApp.a in Frameworks */,
			);
			runOnlyForDeploymentPostprocessing = 0;
		};
/* End PBXFrameworksBuildPhase section */

/* Begin PBXGroup section */
		2CD42DF76B631EBCDC1BC1F8 /* Pods */ = {
			isa = PBXGroup;
			children = (
				FC4B7BCFE815D113DBDB7E3F /* Pods-TestApp.debug.xcconfig */,
				EB53FF172D87816297FAC191 /* Pods-TestApp.release.xcconfig */,
			);
			path = Pods;
			sourceTree = "<group>";
		};
		2D98CD57680E2009CB2867ED /* Frameworks */ = {
			isa = PBXGroup;
			children = (
				3239F27263AF44162C702A5D /* libPods-TestApp.a */,
			);
			name = Frameworks;
			sourceTree = "<group>";
		};
		499CE279271F25A300190E14 = {
			isa = PBXGroup;
			children = (
				499CE2B6271F393500190E14 /* Scripts */,
				499CE284271F25A300190E14 /* TestApp */,
				499CE283271F25A300190E14 /* Products */,
				2CD42DF76B631EBCDC1BC1F8 /* Pods */,
				2D98CD57680E2009CB2867ED /* Frameworks */,
			);
			sourceTree = "<group>";
		};
		499CE283271F25A300190E14 /* Products */ = {
			isa = PBXGroup;
			children = (
				499CE282271F25A300190E14 /* TestApp.app */,
			);
			name = Products;
			sourceTree = "<group>";
		};
		499CE284271F25A300190E14 /* TestApp */ = {
			isa = PBXGroup;
			children = (
				49BCADCF271F78730008C52E /* Animator */,
				499CE285271F25A300190E14 /* AppDelegate.swift */,
				499CE289271F25A300190E14 /* ViewController.swift */,
				49BCADC4271F66980008C52E /* ImageCell.swift */,
				499CE2BE271F3B2A00190E14 /* Helper */,
				499CE2AE271F2ACC00190E14 /* Resources */,
				499CE293271F25A400190E14 /* Info.plist */,
			);
			path = TestApp;
			sourceTree = "<group>";
		};
		499CE2AE271F2ACC00190E14 /* Resources */ = {
			isa = PBXGroup;
			children = (
				499CE2AF271F2B6200190E14 /* Generated */,
				499CE290271F25A400190E14 /* LaunchScreen.storyboard */,
				499CE28E271F25A400190E14 /* Assets.xcassets */,
				495E111A2720836E00505196 /* Localizable.strings */,
			);
			path = Resources;
			sourceTree = "<group>";
		};
		499CE2AF271F2B6200190E14 /* Generated */ = {
			isa = PBXGroup;
			children = (
				495E111E272083EE00505196 /* Strings+Generated.swift */,
				499CE2BB271F3B1400190E14 /* DefaultColorsGenerated.swift */,
				499CE2B3271F2C0000190E14 /* XCAssets+Generated.swift */,
			);
			path = Generated;
			sourceTree = "<group>";
		};
		499CE2B6271F393500190E14 /* Scripts */ = {
			isa = PBXGroup;
			children = (
				499CE2B7271F394000190E14 /* default-colors */,
			);
			path = Scripts;
			sourceTree = "<group>";
		};
		499CE2B7271F394000190E14 /* default-colors */ = {
			isa = PBXGroup;
			children = (
				499CE2B8271F39A400190E14 /* main.swift */,
			);
			path = "default-colors";
			sourceTree = "<group>";
		};
		499CE2BE271F3B2A00190E14 /* Helper */ = {
			isa = PBXGroup;
			children = (
				499CE2BF271F3B4F00190E14 /* ColorAsset+iOS10.swift */,
				49BCADCC271F73C40008C52E /* UIView+Extension.swift */,
			);
			path = Helper;
			sourceTree = "<group>";
		};
		49BCADCF271F78730008C52E /* Animator */ = {
			isa = PBXGroup;
			children = (
				49BCADD3271F79BA0008C52E /* Animator.swift */,
				495E10FF27206A5D00505196 /* DeleteFlowLayout.swift */,
			);
			path = Animator;
			sourceTree = "<group>";
		};
/* End PBXGroup section */

/* Begin PBXNativeTarget section */
		499CE281271F25A300190E14 /* TestApp */ = {
			isa = PBXNativeTarget;
			buildConfigurationList = 499CE296271F25A400190E14 /* Build configuration list for PBXNativeTarget "TestApp" */;
			buildPhases = (
				10007FBB4AD251FCB7B66A91 /* [CP] Check Pods Manifest.lock */,
				499CE2B9271F3A1700190E14 /* Generate Default Colors */,
				499CE2B0271F2BCF00190E14 /* SwiftGen */,
				499CE27E271F25A300190E14 /* Sources */,
				499CE27F271F25A300190E14 /* Frameworks */,
				499CE280271F25A300190E14 /* Resources */,
			);
			buildRules = (
			);
			dependencies = (
			);
			name = TestApp;
			productName = TestApp;
			productReference = 499CE282271F25A300190E14 /* TestApp.app */;
			productType = "com.apple.product-type.application";
		};
/* End PBXNativeTarget section */

/* Begin PBXProject section */
		499CE27A271F25A300190E14 /* Project object */ = {
			isa = PBXProject;
			attributes = {
				LastSwiftUpdateCheck = 1240;
				LastUpgradeCheck = 1240;
				TargetAttributes = {
					499CE281271F25A300190E14 = {
						CreatedOnToolsVersion = 12.4;
					};
				};
			};
			buildConfigurationList = 499CE27D271F25A300190E14 /* Build configuration list for PBXProject "TestApp" */;
			compatibilityVersion = "Xcode 9.3";
			developmentRegion = en;
			hasScannedForEncodings = 0;
			knownRegions = (
				en,
				Base,
				ru,
			);
			mainGroup = 499CE279271F25A300190E14;
			productRefGroup = 499CE283271F25A300190E14 /* Products */;
			projectDirPath = "";
			projectRoot = "";
			targets = (
				499CE281271F25A300190E14 /* TestApp */,
			);
		};
/* End PBXProject section */

/* Begin PBXResourcesBuildPhase section */
		499CE280271F25A300190E14 /* Resources */ = {
			isa = PBXResourcesBuildPhase;
			buildActionMask = 2147483647;
			files = (
				499CE292271F25A400190E14 /* LaunchScreen.storyboard in Resources */,
				495E11182720836E00505196 /* Localizable.strings in Resources */,
				499CE28F271F25A400190E14 /* Assets.xcassets in Resources */,
			);
			runOnlyForDeploymentPostprocessing = 0;
		};
/* End PBXResourcesBuildPhase section */

/* Begin PBXShellScriptBuildPhase section */
		10007FBB4AD251FCB7B66A91 /* [CP] Check Pods Manifest.lock */ = {
			isa = PBXShellScriptBuildPhase;
			buildActionMask = 2147483647;
			files = (
			);
			inputFileListPaths = (
			);
			inputPaths = (
				"${PODS_PODFILE_DIR_PATH}/Podfile.lock",
				"${PODS_ROOT}/Manifest.lock",
			);
			name = "[CP] Check Pods Manifest.lock";
			outputFileListPaths = (
			);
			outputPaths = (
				"$(DERIVED_FILE_DIR)/Pods-TestApp-checkManifestLockResult.txt",
			);
			runOnlyForDeploymentPostprocessing = 0;
			shellPath = /bin/sh;
			shellScript = "diff \"${PODS_PODFILE_DIR_PATH}/Podfile.lock\" \"${PODS_ROOT}/Manifest.lock\" > /dev/null\nif [ $? != 0 ] ; then\n    # print error to STDERR\n    echo \"error: The sandbox is not in sync with the Podfile.lock. Run 'pod install' or update your CocoaPods installation.\" >&2\n    exit 1\nfi\n# This output is used by Xcode 'outputs' to avoid re-running this script phase.\necho \"SUCCESS\" > \"${SCRIPT_OUTPUT_FILE_0}\"\n";
			showEnvVarsInLog = 0;
		};
		499CE2B0271F2BCF00190E14 /* SwiftGen */ = {
			isa = PBXShellScriptBuildPhase;
			buildActionMask = 2147483647;
			files = (
			);
			inputFileListPaths = (
			);
			inputPaths = (
			);
			name = SwiftGen;
			outputFileListPaths = (
			);
			outputPaths = (
			);
			runOnlyForDeploymentPostprocessing = 0;
			shellPath = /bin/sh;
			shellScript = "\"$PODS_ROOT\"/SwiftGen/bin/swiftgen\n";
		};
		499CE2B9271F3A1700190E14 /* Generate Default Colors */ = {
			isa = PBXShellScriptBuildPhase;
			buildActionMask = 2147483647;
			files = (
			);
			inputFileListPaths = (
			);
			inputPaths = (
			);
			name = "Generate Default Colors";
			outputFileListPaths = (
			);
			outputPaths = (
			);
			runOnlyForDeploymentPostprocessing = 0;
			shellPath = /bin/sh;
			shellScript = "DEVELOPER_DIR=\"${DEVELOPER_DIR}\" xcrun --sdk macosx \"${TOOLCHAIN_DIR}/usr/bin/\"swift -F \"${TOOLCHAIN_DIR}/usr/lib/swift/macosx/\" \"${SRCROOT}/Scripts/default-colors/main.swift\"\n";
		};
/* End PBXShellScriptBuildPhase section */

/* Begin PBXSourcesBuildPhase section */
		499CE27E271F25A300190E14 /* Sources */ = {
			isa = PBXSourcesBuildPhase;
			buildActionMask = 2147483647;
			files = (
				495E111F272083EE00505196 /* Strings+Generated.swift in Sources */,
				499CE2B4271F2C0000190E14 /* XCAssets+Generated.swift in Sources */,
				49BCADCD271F73C40008C52E /* UIView+Extension.swift in Sources */,
				499CE2C0271F3B4F00190E14 /* ColorAsset+iOS10.swift in Sources */,
				499CE2BC271F3B1400190E14 /* DefaultColorsGenerated.swift in Sources */,
				495E110027206A5D00505196 /* DeleteFlowLayout.swift in Sources */,
				499CE28A271F25A300190E14 /* ViewController.swift in Sources */,
				49BCADD4271F79BA0008C52E /* Animator.swift in Sources */,
				499CE286271F25A300190E14 /* AppDelegate.swift in Sources */,
				49BCADC5271F66980008C52E /* ImageCell.swift in Sources */,
			);
			runOnlyForDeploymentPostprocessing = 0;
		};
/* End PBXSourcesBuildPhase section */

/* Begin PBXVariantGroup section */
		495E111A2720836E00505196 /* Localizable.strings */ = {
			isa = PBXVariantGroup;
			children = (
				495E11192720836E00505196 /* en */,
				495E111C2720837E00505196 /* ru */,
			);
			name = Localizable.strings;
			sourceTree = "<group>";
		};
		499CE290271F25A400190E14 /* LaunchScreen.storyboard */ = {
			isa = PBXVariantGroup;
			children = (
				499CE291271F25A400190E14 /* Base */,
			);
			name = LaunchScreen.storyboard;
			sourceTree = "<group>";
		};
/* End PBXVariantGroup section */

/* Begin XCBuildConfiguration section */
		499CE294271F25A400190E14 /* Debug */ = {
			isa = XCBuildConfiguration;
			buildSettings = {
				ALWAYS_SEARCH_USER_PATHS = NO;
				CLANG_ANALYZER_LOCALIZABILITY_NONLOCALIZED = YES;
				CLANG_ANALYZER_NONNULL = YES;
				CLANG_ANALYZER_NUMBER_OBJECT_CONVERSION = YES_AGGRESSIVE;
				CLANG_CXX_LANGUAGE_STANDARD = "gnu++14";
				CLANG_CXX_LIBRARY = "libc++";
				CLANG_ENABLE_MODULES = YES;
				CLANG_ENABLE_OBJC_ARC = YES;
				CLANG_ENABLE_OBJC_WEAK = YES;
				CLANG_WARN_BLOCK_CAPTURE_AUTORELEASING = YES;
				CLANG_WARN_BOOL_CONVERSION = YES;
				CLANG_WARN_COMMA = YES;
				CLANG_WARN_CONSTANT_CONVERSION = YES;
				CLANG_WARN_DEPRECATED_OBJC_IMPLEMENTATIONS = YES;
				CLANG_WARN_DIRECT_OBJC_ISA_USAGE = YES_ERROR;
				CLANG_WARN_DOCUMENTATION_COMMENTS = YES;
				CLANG_WARN_EMPTY_BODY = YES;
				CLANG_WARN_ENUM_CONVERSION = YES;
				CLANG_WARN_INFINITE_RECURSION = YES;
				CLANG_WARN_INT_CONVERSION = YES;
				CLANG_WARN_NON_LITERAL_NULL_CONVERSION = YES;
				CLANG_WARN_OBJC_IMPLICIT_RETAIN_SELF = YES;
				CLANG_WARN_OBJC_LITERAL_CONVERSION = YES;
				CLANG_WARN_OBJC_ROOT_CLASS = YES_ERROR;
				CLANG_WARN_QUOTED_INCLUDE_IN_FRAMEWORK_HEADER = YES;
				CLANG_WARN_RANGE_LOOP_ANALYSIS = YES;
				CLANG_WARN_STRICT_PROTOTYPES = YES;
				CLANG_WARN_SUSPICIOUS_MOVE = YES;
				CLANG_WARN_UNGUARDED_AVAILABILITY = YES_AGGRESSIVE;
				CLANG_WARN_UNREACHABLE_CODE = YES;
				CLANG_WARN__DUPLICATE_METHOD_MATCH = YES;
				COPY_PHASE_STRIP = NO;
				DEBUG_INFORMATION_FORMAT = dwarf;
				ENABLE_STRICT_OBJC_MSGSEND = YES;
				ENABLE_TESTABILITY = YES;
				GCC_C_LANGUAGE_STANDARD = gnu11;
				GCC_DYNAMIC_NO_PIC = NO;
				GCC_NO_COMMON_BLOCKS = YES;
				GCC_OPTIMIZATION_LEVEL = 0;
				GCC_PREPROCESSOR_DEFINITIONS = (
					"DEBUG=1",
					"$(inherited)",
				);
				GCC_WARN_64_TO_32_BIT_CONVERSION = YES;
				GCC_WARN_ABOUT_RETURN_TYPE = YES_ERROR;
				GCC_WARN_UNDECLARED_SELECTOR = YES;
				GCC_WARN_UNINITIALIZED_AUTOS = YES_AGGRESSIVE;
				GCC_WARN_UNUSED_FUNCTION = YES;
				GCC_WARN_UNUSED_VARIABLE = YES;
				IPHONEOS_DEPLOYMENT_TARGET = 10.0;
				MTL_ENABLE_DEBUG_INFO = INCLUDE_SOURCE;
				MTL_FAST_MATH = YES;
				ONLY_ACTIVE_ARCH = YES;
				SDKROOT = iphoneos;
				SWIFT_ACTIVE_COMPILATION_CONDITIONS = DEBUG;
				SWIFT_OPTIMIZATION_LEVEL = "-Onone";
			};
			name = Debug;
		};
		499CE295271F25A400190E14 /* Release */ = {
			isa = XCBuildConfiguration;
			buildSettings = {
				ALWAYS_SEARCH_USER_PATHS = NO;
				CLANG_ANALYZER_LOCALIZABILITY_NONLOCALIZED = YES;
				CLANG_ANALYZER_NONNULL = YES;
				CLANG_ANALYZER_NUMBER_OBJECT_CONVERSION = YES_AGGRESSIVE;
				CLANG_CXX_LANGUAGE_STANDARD = "gnu++14";
				CLANG_CXX_LIBRARY = "libc++";
				CLANG_ENABLE_MODULES = YES;
				CLANG_ENABLE_OBJC_ARC = YES;
				CLANG_ENABLE_OBJC_WEAK = YES;
				CLANG_WARN_BLOCK_CAPTURE_AUTORELEASING = YES;
				CLANG_WARN_BOOL_CONVERSION = YES;
				CLANG_WARN_COMMA = YES;
				CLANG_WARN_CONSTANT_CONVERSION = YES;
				CLANG_WARN_DEPRECATED_OBJC_IMPLEMENTATIONS = YES;
				CLANG_WARN_DIRECT_OBJC_ISA_USAGE = YES_ERROR;
				CLANG_WARN_DOCUMENTATION_COMMENTS = YES;
				CLANG_WARN_EMPTY_BODY = YES;
				CLANG_WARN_ENUM_CONVERSION = YES;
				CLANG_WARN_INFINITE_RECURSION = YES;
				CLANG_WARN_INT_CONVERSION = YES;
				CLANG_WARN_NON_LITERAL_NULL_CONVERSION = YES;
				CLANG_WARN_OBJC_IMPLICIT_RETAIN_SELF = YES;
				CLANG_WARN_OBJC_LITERAL_CONVERSION = YES;
				CLANG_WARN_OBJC_ROOT_CLASS = YES_ERROR;
				CLANG_WARN_QUOTED_INCLUDE_IN_FRAMEWORK_HEADER = YES;
				CLANG_WARN_RANGE_LOOP_ANALYSIS = YES;
				CLANG_WARN_STRICT_PROTOTYPES = YES;
				CLANG_WARN_SUSPICIOUS_MOVE = YES;
				CLANG_WARN_UNGUARDED_AVAILABILITY = YES_AGGRESSIVE;
				CLANG_WARN_UNREACHABLE_CODE = YES;
				CLANG_WARN__DUPLICATE_METHOD_MATCH = YES;
				COPY_PHASE_STRIP = NO;
				DEBUG_INFORMATION_FORMAT = "dwarf-with-dsym";
				ENABLE_NS_ASSERTIONS = NO;
				ENABLE_STRICT_OBJC_MSGSEND = YES;
				GCC_C_LANGUAGE_STANDARD = gnu11;
				GCC_NO_COMMON_BLOCKS = YES;
				GCC_WARN_64_TO_32_BIT_CONVERSION = YES;
				GCC_WARN_ABOUT_RETURN_TYPE = YES_ERROR;
				GCC_WARN_UNDECLARED_SELECTOR = YES;
				GCC_WARN_UNINITIALIZED_AUTOS = YES_AGGRESSIVE;
				GCC_WARN_UNUSED_FUNCTION = YES;
				GCC_WARN_UNUSED_VARIABLE = YES;
				IPHONEOS_DEPLOYMENT_TARGET = 10.0;
				MTL_ENABLE_DEBUG_INFO = NO;
				MTL_FAST_MATH = YES;
				SDKROOT = iphoneos;
				SWIFT_COMPILATION_MODE = wholemodule;
				SWIFT_OPTIMIZATION_LEVEL = "-O";
				VALIDATE_PRODUCT = YES;
			};
			name = Release;
		};
		499CE297271F25A400190E14 /* Debug */ = {
			isa = XCBuildConfiguration;
			baseConfigurationReference = FC4B7BCFE815D113DBDB7E3F /* Pods-TestApp.debug.xcconfig */;
			buildSettings = {
				ASSETCATALOG_COMPILER_APPICON_NAME = AppIcon;
				ASSETCATALOG_COMPILER_GLOBAL_ACCENT_COLOR_NAME = AccentColor;
				CODE_SIGN_STYLE = Automatic;
				INFOPLIST_FILE = TestApp/Info.plist;
				LD_RUNPATH_SEARCH_PATHS = (
					"$(inherited)",
					"@executable_path/Frameworks",
				);
				PRODUCT_BUNDLE_IDENTIFIER = ru.cutepool.TestApp;
				PRODUCT_NAME = "$(TARGET_NAME)";
				SWIFT_VERSION = 5.0;
				TARGETED_DEVICE_FAMILY = 1;
			};
			name = Debug;
		};
		499CE298271F25A400190E14 /* Release */ = {
			isa = XCBuildConfiguration;
			baseConfigurationReference = EB53FF172D87816297FAC191 /* Pods-TestApp.release.xcconfig */;
			buildSettings = {
				ASSETCATALOG_COMPILER_APPICON_NAME = AppIcon;
				ASSETCATALOG_COMPILER_GLOBAL_ACCENT_COLOR_NAME = AccentColor;
				CODE_SIGN_STYLE = Automatic;
				INFOPLIST_FILE = TestApp/Info.plist;
				LD_RUNPATH_SEARCH_PATHS = (
					"$(inherited)",
					"@executable_path/Frameworks",
				);
				PRODUCT_BUNDLE_IDENTIFIER = ru.cutepool.TestApp;
				PRODUCT_NAME = "$(TARGET_NAME)";
				SWIFT_VERSION = 5.0;
				TARGETED_DEVICE_FAMILY = 1;
			};
			name = Release;
		};
/* End XCBuildConfiguration section */

/* Begin XCConfigurationList section */
		499CE27D271F25A300190E14 /* Build configuration list for PBXProject "TestApp" */ = {
			isa = XCConfigurationList;
			buildConfigurations = (
				499CE294271F25A400190E14 /* Debug */,
				499CE295271F25A400190E14 /* Release */,
			);
			defaultConfigurationIsVisible = 0;
			defaultConfigurationName = Release;
		};
		499CE296271F25A400190E14 /* Build configuration list for PBXNativeTarget "TestApp" */ = {
			isa = XCConfigurationList;
			buildConfigurations = (
				499CE297271F25A400190E14 /* Debug */,
				499CE298271F25A400190E14 /* Release */,
			);
			defaultConfigurationIsVisible = 0;
			defaultConfigurationName = Release;
		};
/* End XCConfigurationList section */
	};
	rootObject = 499CE27A271F25A300190E14 /* Project object */;
}
